// !$*UTF8*$!
{
	archiveVersion = 1;
	classes = {
	};
	objectVersion = 77;
	objects = {

/* Begin PBXBuildFile section */
		03C9021F3066E8A700FC771D /* FirebaseAnalytics in Frameworks */ = {isa = PBXBuildFile; productRef = 03C9021E3066E8A700FC771D /* FirebaseAnalytics */; };
		03C902213066E8A700FC771D /* FirebaseCrashlytics in Frameworks */ = {isa = PBXBuildFile; productRef = 03C902203066E8A700FC771D /* FirebaseCrashlytics */; };
		6538BA760FF9BE77D8F1173B /* CategoryCountUITests.swift in Sources */ = {isa = PBXBuildFile; fileRef = 7DC14AB8689D2B25B81C42DE /* CategoryCountUITests.swift */; };
		7EFC84151818DDB085814467 /* NoteCreationFlowUITests.swift in Sources */ = {isa = PBXBuildFile; fileRef = D594206B8A8F1430D3153D35 /* NoteCreationFlowUITests.swift */; };
		AD2F39A8589A51D84A4DA3A5 /* Foundation.framework in Frameworks */ = {isa = PBXBuildFile; fileRef = E6FD9B8726001094219B7A6F /* Foundation.framework */; };
		B502558B2F71AA30A9E39F5F /* Foundation.framework in Frameworks */ = {isa = PBXBuildFile; fileRef = E6FD9B8726001094219B7A6F /* Foundation.framework */; };
		C78CA5943C97AECC0B41D848 /* LaunchHelper.swift in Sources */ = {isa = PBXBuildFile; fileRef = ECF8EF3BCBFBBC7E148F43F8 /* LaunchHelper.swift */; };
/* End PBXBuildFile section */

/* Begin PBXContainerItemProxy section */
		37197A060AE7B30AA87885CD /* PBXContainerItemProxy */ = {
			isa = PBXContainerItemProxy;
			containerPortal = 03A748AD3040767E00F49C45 /* Project object */;
			proxyType = 1;
			remoteGlobalIDString = 03A748B43040767E00F49C45;
			remoteInfo = NotitApp;
		};
		6DD650562564A9D43B95F774 /* PBXContainerItemProxy */ = {
			isa = PBXContainerItemProxy;
			containerPortal = 03A748AD3040767E00F49C45 /* Project object */;
			proxyType = 1;
			remoteGlobalIDString = 03A748B43040767E00F49C45;
			remoteInfo = NotitApp;
		};
/* End PBXContainerItemProxy section */

/* Begin PBXFileReference section */
		03A748B53040767E00F49C45 /* NotitApp.app */ = {isa = PBXFileReference; explicitFileType = wrapper.application; includeInIndex = 0; path = NotitApp.app; sourceTree = BUILT_PRODUCTS_DIR; };
		5D9F7B1266EAA4A332D77CF8 /* NotitAppTests.xctest */ = {isa = PBXFileReference; explicitFileType = wrapper.cfbundle; includeInIndex = 0; path = NotitAppTests.xctest; sourceTree = BUILT_PRODUCTS_DIR; };
		7DC14AB8689D2B25B81C42DE /* CategoryCountUITests.swift */ = {isa = PBXFileReference; includeInIndex = 1; lastKnownFileType = sourcecode.swift; path = CategoryCountUITests.swift; sourceTree = "<group>"; };
		9202B18D81D50B22AC67DC0D /* NotitAppUITests.xctest */ = {isa = PBXFileReference; explicitFileType = wrapper.cfbundle; includeInIndex = 0; path = NotitAppUITests.xctest; sourceTree = BUILT_PRODUCTS_DIR; };
		D594206B8A8F1430D3153D35 /* NoteCreationFlowUITests.swift */ = {isa = PBXFileReference; includeInIndex = 1; lastKnownFileType = sourcecode.swift; path = NoteCreationFlowUITests.swift; sourceTree = "<group>"; };
		E6FD9B8726001094219B7A6F /* Foundation.framework */ = {isa = PBXFileReference; lastKnownFileType = wrapper.framework; name = Foundation.framework; path = Platforms/iPhoneOS.platform/Developer/SDKs/iPhoneOS26.0.sdk/System/Library/Frameworks/Foundation.framework; sourceTree = DEVELOPER_DIR; };
		ECF8EF3BCBFBBC7E148F43F8 /* LaunchHelper.swift */ = {isa = PBXFileReference; includeInIndex = 1; lastKnownFileType = sourcecode.swift; path = LaunchHelper.swift; sourceTree = "<group>"; };
/* End PBXFileReference section */

/* Begin PBXFileSystemSynchronizedRootGroup section */
		03A748B73040767E00F49C45 /* NotitApp */ = {
			isa = PBXFileSystemSynchronizedRootGroup;
			exceptions = (
			);
			path = NotitApp;
			sourceTree = "<group>";
		};
		DB150E076353DD434584F608 /* NotitAppTests */ = {
			isa = PBXFileSystemSynchronizedRootGroup;
			exceptions = (
			);
			path = NotitAppTests;
			sourceTree = "<group>";
		};
/* End PBXFileSystemSynchronizedRootGroup section */

/* Begin PBXFrameworksBuildPhase section */
		03A748B23040767E00F49C45 /* Frameworks */ = {
			isa = PBXFrameworksBuildPhase;
			buildActionMask = 2147483647;
			files = (
				03C9021F3066E8A700FC771D /* FirebaseAnalytics in Frameworks */,
				03C902213066E8A700FC771D /* FirebaseCrashlytics in Frameworks */,
			);
			runOnlyForDeploymentPostprocessing = 0;
		};
		63688E38420BBBA47689FC6F /* Frameworks */ = {
			isa = PBXFrameworksBuildPhase;
			buildActionMask = 2147483647;
			files = (
				B502558B2F71AA30A9E39F5F /* Foundation.framework in Frameworks */,
			);
			runOnlyForDeploymentPostprocessing = 0;
		};
		E13AB9B63FD2AA3DB19B8B49 /* Frameworks */ = {
			isa = PBXFrameworksBuildPhase;
			buildActionMask = 2147483647;
			files = (
				AD2F39A8589A51D84A4DA3A5 /* Foundation.framework in Frameworks */,
			);
			runOnlyForDeploymentPostprocessing = 0;
		};
/* End PBXFrameworksBuildPhase section */

/* Begin PBXGroup section */
		03A748AC3040767E00F49C45 = {
			isa = PBXGroup;
			children = (
				03A748B73040767E00F49C45 /* NotitApp */,
				03A748B63040767E00F49C45 /* Products */,
				F3607BE3685B6CE0CBD3F422 /* Frameworks */,
				DB150E076353DD434584F608 /* NotitAppTests */,
				8A6A8E2660B7199B0B0B336E /* NotitAppUITests */,
			);
			sourceTree = "<group>";
		};
		03A748B63040767E00F49C45 /* Products */ = {
			isa = PBXGroup;
			children = (
				03A748B53040767E00F49C45 /* NotitApp.app */,
				5D9F7B1266EAA4A332D77CF8 /* NotitAppTests.xctest */,
				9202B18D81D50B22AC67DC0D /* NotitAppUITests.xctest */,
			);
			name = Products;
			sourceTree = "<group>";
		};
		8A6A8E2660B7199B0B0B336E /* NotitAppUITests */ = {
			isa = PBXGroup;
			children = (
				7DC14AB8689D2B25B81C42DE /* CategoryCountUITests.swift */,
				ECF8EF3BCBFBBC7E148F43F8 /* LaunchHelper.swift */,
				D594206B8A8F1430D3153D35 /* NoteCreationFlowUITests.swift */,
			);
			name = NotitAppUITests;
			path = NotitAppUITests;
			sourceTree = "<group>";
		};
		EF46BF1247965C693CB97FD1 /* iOS */ = {
			isa = PBXGroup;
			children = (
				E6FD9B8726001094219B7A6F /* Foundation.framework */,
			);
			name = iOS;
			sourceTree = "<group>";
		};
		F3607BE3685B6CE0CBD3F422 /* Frameworks */ = {
			isa = PBXGroup;
			children = (
				EF46BF1247965C693CB97FD1 /* iOS */,
			);
			name = Frameworks;
			sourceTree = "<group>";
		};
/* End PBXGroup section */

/* Begin PBXNativeTarget section */
		03A748B43040767E00F49C45 /* NotitApp */ = {
			isa = PBXNativeTarget;
			buildConfigurationList = 03A748C03040767F00F49C45 /* Build configuration list for PBXNativeTarget "NotitApp" */;
			buildPhases = (
				03A748B13040767E00F49C45 /* Sources */,
				03A748B23040767E00F49C45 /* Frameworks */,
				03A748B33040767E00F49C45 /* Resources */,
				A1E049746C0B3060B5CF4A6E /* ShellScript */,
			);
			buildRules = (
			);
			dependencies = (
			);
			fileSystemSynchronizedGroups = (
				03A748B73040767E00F49C45 /* NotitApp */,
			);
			name = NotitApp;
			productName = NotitApp;
			productReference = 03A748B53040767E00F49C45 /* NotitApp.app */;
			productType = "com.apple.product-type.application";
		};
		E990FD43C8BF5F58325B6507 /* NotitAppTests */ = {
			isa = PBXNativeTarget;
			buildConfigurationList = 3893A4E183554F08E7D0AA4A /* Build configuration list for PBXNativeTarget "NotitAppTests" */;
			buildPhases = (
				A3FB106BD686EB4220FBA9DE /* Sources */,
				E13AB9B63FD2AA3DB19B8B49 /* Frameworks */,
				F88477495606A3AAA5326652 /* Resources */,
			);
			buildRules = (
			);
			dependencies = (
				E2125D967EAE7970FFD99068 /* PBXTargetDependency */,
			);
			fileSystemSynchronizedGroups = (
				DB150E076353DD434584F608 /* NotitAppTests */,
			);
			name = NotitAppTests;
			productName = NotitAppTests;
			productReference = 5D9F7B1266EAA4A332D77CF8 /* NotitAppTests.xctest */;
			productType = "com.apple.product-type.bundle.unit-test";
		};
		F901F450487CD89A00EFE8D7 /* NotitAppUITests */ = {
			isa = PBXNativeTarget;
			buildConfigurationList = 3E7C40A1204AA0EE8769EDCB /* Build configuration list for PBXNativeTarget "NotitAppUITests" */;
			buildPhases = (
				A4841CFD58DBFE7359DE4CFC /* Sources */,
				63688E38420BBBA47689FC6F /* Frameworks */,
				5D5D92C39890182425D63531 /* Resources */,
			);
			buildRules = (
			);
			dependencies = (
				A4E52515B379754C529CE35A /* PBXTargetDependency */,
			);
			name = NotitAppUITests;
			productName = NotitAppUITests;
			productReference = 9202B18D81D50B22AC67DC0D /* NotitAppUITests.xctest */;
			productType = "com.apple.product-type.bundle.ui-testing";
		};
/* End PBXNativeTarget section */

/* Begin PBXProject section */
		03A748AD3040767E00F49C45 /* Project object */ = {
			isa = PBXProject;
			attributes = {
				BuildIndependentTargetsInParallel = 1;
				LastSwiftUpdateCheck = 1640;
				LastUpgradeCheck = 1640;
				TargetAttributes = {
					03A748B43040767E00F49C45 = {
						CreatedOnToolsVersion = 16.4;
					};
					F901F450487CD89A00EFE8D7 = {
						CreatedOnToolsVersion = 16.4;
						TestTargetID = 03A748B43040767E00F49C45;
					};
				};
			};
			buildConfigurationList = 03A748B03040767E00F49C45 /* Build configuration list for PBXProject "NotitApp" */;
			developmentRegion = es;
			hasScannedForEncodings = 0;
			knownRegions = (
				en,
				es,
				Base,
			);
			mainGroup = 03A748AC3040767E00F49C45;
			minimizedProjectReferenceProxies = 1;
			packageReferences = (
				03C9021D3066E8A700FC771D /* XCRemoteSwiftPackageReference "firebase-ios-sdk" */,
			);
			preferredProjectObjectVersion = 77;
			productRefGroup = 03A748B63040767E00F49C45 /* Products */;
			projectDirPath = "";
			projectRoot = "";
			targets = (
				03A748B43040767E00F49C45 /* NotitApp */,
				E990FD43C8BF5F58325B6507 /* NotitAppTests */,
				F901F450487CD89A00EFE8D7 /* NotitAppUITests */,
			);
		};
/* End PBXProject section */

/* Begin PBXResourcesBuildPhase section */
		03A748B33040767E00F49C45 /* Resources */ = {
			isa = PBXResourcesBuildPhase;
			buildActionMask = 2147483647;
			files = (
			);
			runOnlyForDeploymentPostprocessing = 0;
		};
		5D5D92C39890182425D63531 /* Resources */ = {
			isa = PBXResourcesBuildPhase;
			buildActionMask = 2147483647;
			files = (
			);
			runOnlyForDeploymentPostprocessing = 0;
		};
		F88477495606A3AAA5326652 /* Resources */ = {
			isa = PBXResourcesBuildPhase;
			buildActionMask = 2147483647;
			files = (
			);
			runOnlyForDeploymentPostprocessing = 0;
		};
/* End PBXResourcesBuildPhase section */

/* Begin PBXShellScriptBuildPhase section */
		A1E049746C0B3060B5CF4A6E /* ShellScript */ = {
			isa = PBXShellScriptBuildPhase;
			alwaysOutOfDate = 1;
			buildActionMask = 2147483647;
			files = (
			);
			inputFileListPaths = (
			);
			inputPaths = (
			);
			outputFileListPaths = (
			);
			outputPaths = (
			);
			runOnlyForDeploymentPostprocessing = 0;
			shellPath = /bin/sh;
			shellScript = "BUILD_NUMBER=$(git -C \"${SRCROOT}\" rev-list --count HEAD 2>/dev/null)\nif [ -z \"$BUILD_NUMBER\" ]; then\n  BUILD_NUMBER=1\nfi\nPLIST=\"${TARGET_BUILD_DIR}/${INFOPLIST_PATH}\"\n/usr/libexec/PlistBuddy -c \"Set :CFBundleVersion $BUILD_NUMBER\" \"$PLIST\"\n";
		};
/* End PBXShellScriptBuildPhase section */

/* Begin PBXSourcesBuildPhase section */
		03A748B13040767E00F49C45 /* Sources */ = {
			isa = PBXSourcesBuildPhase;
			buildActionMask = 2147483647;
			files = (
			);
			runOnlyForDeploymentPostprocessing = 0;
		};
		A3FB106BD686EB4220FBA9DE /* Sources */ = {
			isa = PBXSourcesBuildPhase;
			buildActionMask = 2147483647;
			files = (
			);
			runOnlyForDeploymentPostprocessing = 0;
		};
		A4841CFD58DBFE7359DE4CFC /* Sources */ = {
			isa = PBXSourcesBuildPhase;
			buildActionMask = 2147483647;
			files = (
				6538BA760FF9BE77D8F1173B /* CategoryCountUITests.swift in Sources */,
				C78CA5943C97AECC0B41D848 /* LaunchHelper.swift in Sources */,
				7EFC84151818DDB085814467 /* NoteCreationFlowUITests.swift in Sources */,
			);
			runOnlyForDeploymentPostprocessing = 0;
		};
/* End PBXSourcesBuildPhase section */

/* Begin PBXTargetDependency section */
		A4E52515B379754C529CE35A /* PBXTargetDependency */ = {
			isa = PBXTargetDependency;
			name = NotitApp;
			target = 03A748B43040767E00F49C45 /* NotitApp */;
			targetProxy = 6DD650562564A9D43B95F774 /* PBXContainerItemProxy */;
		};
		E2125D967EAE7970FFD99068 /* PBXTargetDependency */ = {
			isa = PBXTargetDependency;
			name = NotitApp;
			target = 03A748B43040767E00F49C45 /* NotitApp */;
			targetProxy = 37197A060AE7B30AA87885CD /* PBXContainerItemProxy */;
		};
/* End PBXTargetDependency section */

/* Begin XCBuildConfiguration section */
		03A748BE3040767F00F49C45 /* Debug */ = {
			isa = XCBuildConfiguration;
			buildSettings = {
				ALWAYS_SEARCH_USER_PATHS = NO;
				ASSETCATALOG_COMPILER_GENERATE_SWIFT_ASSET_SYMBOL_EXTENSIONS = YES;
				CLANG_ANALYZER_NONNULL = YES;
				CLANG_ANALYZER_NUMBER_OBJECT_CONVERSION = YES_AGGRESSIVE;
				CLANG_CXX_LANGUAGE_STANDARD = "gnu++20";
				CLANG_ENABLE_MODULES = YES;
				CLANG_ENABLE_OBJC_ARC = YES;
				CLANG_ENABLE_OBJC_WEAK = YES;
				CLANG_WARN_BLOCK_CAPTURE_AUTORELEASING = YES;
				CLANG_WARN_BOOL_CONVERSION = YES;
				CLANG_WARN_COMMA = YES;
				CLANG_WARN_CONSTANT_CONVERSION = YES;
				CLANG_WARN_DEPRECATED_OBJC_IMPLEMENTATIONS = YES;
				CLANG_WARN_DIRECT_OBJC_ISA_USAGE = YES_ERROR;
				CLANG_WARN_DOCUMENTATION_COMMENTS = YES;
				CLANG_WARN_EMPTY_BODY = YES;
				CLANG_WARN_ENUM_CONVERSION = YES;
				CLANG_WARN_INFINITE_RECURSION = YES;
				CLANG_WARN_INT_CONVERSION = YES;
				CLANG_WARN_NON_LITERAL_NULL_CONVERSION = YES;
				CLANG_WARN_OBJC_IMPLICIT_RETAIN_SELF = YES;
				CLANG_WARN_OBJC_LITERAL_CONVERSION = YES;
				CLANG_WARN_OBJC_ROOT_CLASS = YES_ERROR;
				CLANG_WARN_QUOTED_INCLUDE_IN_FRAMEWORK_HEADER = YES;
				CLANG_WARN_RANGE_LOOP_ANALYSIS = YES;
				CLANG_WARN_STRICT_PROTOTYPES = YES;
				CLANG_WARN_SUSPICIOUS_MOVE = YES;
				CLANG_WARN_UNGUARDED_AVAILABILITY = YES_AGGRESSIVE;
				CLANG_WARN_UNREACHABLE_CODE = YES;
				CLANG_WARN__DUPLICATE_METHOD_MATCH = YES;
				COPY_PHASE_STRIP = NO;
				DEBUG_INFORMATION_FORMAT = dwarf;
				DEVELOPMENT_TEAM = 9HY9G7NYSB;
				ENABLE_STRICT_OBJC_MSGSEND = YES;
				ENABLE_TESTABILITY = YES;
				ENABLE_USER_SCRIPT_SANDBOXING = YES;
				GCC_C_LANGUAGE_STANDARD = gnu17;
				GCC_DYNAMIC_NO_PIC = NO;
				GCC_NO_COMMON_BLOCKS = YES;
				GCC_OPTIMIZATION_LEVEL = 0;
				GCC_PREPROCESSOR_DEFINITIONS = (
					"DEBUG=1",
					"$(inherited)",
				);
				GCC_WARN_64_TO_32_BIT_CONVERSION = YES;
				GCC_WARN_ABOUT_RETURN_TYPE = YES_ERROR;
				GCC_WARN_UNDECLARED_SELECTOR = YES;
				GCC_WARN_UNINITIALIZED_AUTOS = YES_AGGRESSIVE;
				GCC_WARN_UNUSED_FUNCTION = YES;
				GCC_WARN_UNUSED_VARIABLE = YES;
				IPHONEOS_DEPLOYMENT_TARGET = 26.0;
				LOCALIZATION_PREFERS_STRING_CATALOGS = YES;
				MTL_ENABLE_DEBUG_INFO = INCLUDE_SOURCE;
				MTL_FAST_MATH = YES;
				ONLY_ACTIVE_ARCH = YES;
				SDKROOT = iphoneos;
				SWIFT_ACTIVE_COMPILATION_CONDITIONS = "DEBUG $(inherited)";
				SWIFT_OPTIMIZATION_LEVEL = "-Onone";
			};
			name = Debug;
		};
		03A748BF3040767F00F49C45 /* Release */ = {
			isa = XCBuildConfiguration;
			buildSettings = {
				ALWAYS_SEARCH_USER_PATHS = NO;
				ASSETCATALOG_COMPILER_GENERATE_SWIFT_ASSET_SYMBOL_EXTENSIONS = YES;
				CLANG_ANALYZER_NONNULL = YES;
				CLANG_ANALYZER_NUMBER_OBJECT_CONVERSION = YES_AGGRESSIVE;
				CLANG_CXX_LANGUAGE_STANDARD = "gnu++20";
				CLANG_ENABLE_MODULES = YES;
				CLANG_ENABLE_OBJC_ARC = YES;
				CLANG_ENABLE_OBJC_WEAK = YES;
				CLANG_WARN_BLOCK_CAPTURE_AUTORELEASING = YES;
				CLANG_WARN_BOOL_CONVERSION = YES;
				CLANG_WARN_COMMA = YES;
				CLANG_WARN_CONSTANT_CONVERSION = YES;
				CLANG_WARN_DEPRECATED_OBJC_IMPLEMENTATIONS = YES;
				CLANG_WARN_DIRECT_OBJC_ISA_USAGE = YES_ERROR;
				CLANG_WARN_DOCUMENTATION_COMMENTS = YES;
				CLANG_WARN_EMPTY_BODY = YES;
				CLANG_WARN_ENUM_CONVERSION = YES;
				CLANG_WARN_INFINITE_RECURSION = YES;
				CLANG_WARN_INT_CONVERSION = YES;
				CLANG_WARN_NON_LITERAL_NULL_CONVERSION = YES;
				CLANG_WARN_OBJC_IMPLICIT_RETAIN_SELF = YES;
				CLANG_WARN_OBJC_LITERAL_CONVERSION = YES;
				CLANG_WARN_OBJC_ROOT_CLASS = YES_ERROR;
				CLANG_WARN_QUOTED_INCLUDE_IN_FRAMEWORK_HEADER = YES;
				CLANG_WARN_RANGE_LOOP_ANALYSIS = YES;
				CLANG_WARN_STRICT_PROTOTYPES = YES;
				CLANG_WARN_SUSPICIOUS_MOVE = YES;
				CLANG_WARN_UNGUARDED_AVAILABILITY = YES_AGGRESSIVE;
				CLANG_WARN_UNREACHABLE_CODE = YES;
				CLANG_WARN__DUPLICATE_METHOD_MATCH = YES;
				COPY_PHASE_STRIP = NO;
				DEBUG_INFORMATION_FORMAT = "dwarf-with-dsym";
				DEVELOPMENT_TEAM = 9HY9G7NYSB;
				ENABLE_NS_ASSERTIONS = NO;
				ENABLE_STRICT_OBJC_MSGSEND = YES;
				ENABLE_USER_SCRIPT_SANDBOXING = YES;
				GCC_C_LANGUAGE_STANDARD = gnu17;
				GCC_NO_COMMON_BLOCKS = YES;
				GCC_WARN_64_TO_32_BIT_CONVERSION = YES;
				GCC_WARN_ABOUT_RETURN_TYPE = YES_ERROR;
				GCC_WARN_UNDECLARED_SELECTOR = YES;
				GCC_WARN_UNINITIALIZED_AUTOS = YES_AGGRESSIVE;
				GCC_WARN_UNUSED_FUNCTION = YES;
				GCC_WARN_UNUSED_VARIABLE = YES;
				IPHONEOS_DEPLOYMENT_TARGET = 26.0;
				LOCALIZATION_PREFERS_STRING_CATALOGS = YES;
				MTL_ENABLE_DEBUG_INFO = NO;
				MTL_FAST_MATH = YES;
				SDKROOT = iphoneos;
				SWIFT_COMPILATION_MODE = wholemodule;
				VALIDATE_PRODUCT = YES;
			};
			name = Release;
		};
		03A748C13040767F00F49C45 /* Debug */ = {
			isa = XCBuildConfiguration;
			buildSettings = {
				ASSETCATALOG_COMPILER_APPICON_NAME = AppIcon;
				ASSETCATALOG_COMPILER_GLOBAL_ACCENT_COLOR_NAME = AccentColor;
				CODE_SIGN_STYLE = Automatic;
				CURRENT_PROJECT_VERSION = 1;
				DEVELOPMENT_TEAM = 9HY9G7NYSB;
				ENABLE_PREVIEWS = YES;
				ENABLE_USER_SCRIPT_SANDBOXING = NO;
				GENERATE_INFOPLIST_FILE = YES;
				INFOPLIST_KEY_UIApplicationSceneManifest_Generation = YES;
				INFOPLIST_KEY_UIApplicationSupportsIndirectInputEvents = YES;
				INFOPLIST_KEY_UILaunchScreen_Generation = YES;
				INFOPLIST_KEY_UISupportedInterfaceOrientations_iPad = "UIInterfaceOrientationPortrait UIInterfaceOrientationPortraitUpsideDown UIInterfaceOrientationLandscapeLeft UIInterfaceOrientationLandscapeRight";
				INFOPLIST_KEY_UISupportedInterfaceOrientations_iPhone = "UIInterfaceOrientationPortrait UIInterfaceOrientationLandscapeLeft UIInterfaceOrientationLandscapeRight";
				LD_RUNPATH_SEARCH_PATHS = (
					"$(inherited)",
					"@executable_path/Frameworks",
				);
				MARKETING_VERSION = 1.0.0;
				PRODUCT_BUNDLE_IDENTIFIER = nicovma.NotitApp;
				PRODUCT_NAME = "$(TARGET_NAME)";
				SWIFT_EMIT_LOC_STRINGS = YES;
				SWIFT_VERSION = 5.0;
				TARGETED_DEVICE_FAMILY = "1,2";
			};
			name = Debug;
		};
		03A748C23040767F00F49C45 /* Release */ = {
			isa = XCBuildConfiguration;
			buildSettings = {
				ASSETCATALOG_COMPILER_APPICON_NAME = AppIcon;
				ASSETCATALOG_COMPILER_GLOBAL_ACCENT_COLOR_NAME = AccentColor;
				CODE_SIGN_STYLE = Automatic;
				CURRENT_PROJECT_VERSION = 1;
				DEVELOPMENT_TEAM = 9HY9G7NYSB;
				ENABLE_PREVIEWS = YES;
				ENABLE_USER_SCRIPT_SANDBOXING = NO;
				GENERATE_INFOPLIST_FILE = YES;
				INFOPLIST_KEY_UIApplicationSceneManifest_Generation = YES;
				INFOPLIST_KEY_UIApplicationSupportsIndirectInputEvents = YES;
				INFOPLIST_KEY_UILaunchScreen_Generation = YES;
				INFOPLIST_KEY_UISupportedInterfaceOrientations_iPad = "UIInterfaceOrientationPortrait UIInterfaceOrientationPortraitUpsideDown UIInterfaceOrientationLandscapeLeft UIInterfaceOrientationLandscapeRight";
				INFOPLIST_KEY_UISupportedInterfaceOrientations_iPhone = "UIInterfaceOrientationPortrait UIInterfaceOrientationLandscapeLeft UIInterfaceOrientationLandscapeRight";
				LD_RUNPATH_SEARCH_PATHS = (
					"$(inherited)",
					"@executable_path/Frameworks",
				);
				MARKETING_VERSION = 1.0.0;
				PRODUCT_BUNDLE_IDENTIFIER = nicovma.NotitApp;
				PRODUCT_NAME = "$(TARGET_NAME)";
				SWIFT_EMIT_LOC_STRINGS = YES;
				SWIFT_VERSION = 5.0;
				TARGETED_DEVICE_FAMILY = "1,2";
			};
			name = Release;
		};
		31431FD436E285BF50D6D1FF /* Release */ = {
			isa = XCBuildConfiguration;
			buildSettings = {
				BUNDLE_LOADER = "$(TEST_HOST)";
				CLANG_ENABLE_OBJC_WEAK = NO;
				GENERATE_INFOPLIST_FILE = YES;
				IPHONEOS_DEPLOYMENT_TARGET = 26.0;
				PRODUCT_BUNDLE_IDENTIFIER = nicovma.NotitAppTests;
				PRODUCT_NAME = "$(TARGET_NAME)";
				SDKROOT = iphoneos;
				SWIFT_VERSION = 5.0;
				TEST_HOST = "$(BUILT_PRODUCTS_DIR)/NotitApp.app/NotitApp";
				VALIDATE_PRODUCT = YES;
			};
			name = Release;
		};
		32B5E9AFC27DDC19E22668C4 /* Debug */ = {
			isa = XCBuildConfiguration;
			buildSettings = {
				BUNDLE_LOADER = "$(TEST_HOST)";
				CLANG_ENABLE_OBJC_WEAK = NO;
				GENERATE_INFOPLIST_FILE = YES;
				IPHONEOS_DEPLOYMENT_TARGET = 26.0;
				PRODUCT_BUNDLE_IDENTIFIER = nicovma.NotitAppTests;
				PRODUCT_NAME = "$(TARGET_NAME)";
				SDKROOT = iphoneos;
				SWIFT_VERSION = 5.0;
				TEST_HOST = "$(BUILT_PRODUCTS_DIR)/NotitApp.app/NotitApp";
			};
			name = Debug;
		};
		7985F8C5067775A075E552FC /* Debug */ = {
			isa = XCBuildConfiguration;
			buildSettings = {
				CLANG_ENABLE_OBJC_WEAK = NO;
				CODE_SIGN_STYLE = Automatic;
				DEVELOPMENT_TEAM = 9HY9G7NYSB;
				GENERATE_INFOPLIST_FILE = YES;
				IPHONEOS_DEPLOYMENT_TARGET = 26.0;
				PRODUCT_BUNDLE_IDENTIFIER = nicovma.NotitAppUITests;
				PRODUCT_NAME = "$(TARGET_NAME)";
				SDKROOT = iphoneos;
				SWIFT_VERSION = 5.0;
				TEST_TARGET_NAME = NotitApp;
			};
			name = Debug;
		};
		BD20D1A98E844CAD2166C310 /* Release */ = {
			isa = XCBuildConfiguration;
			buildSettings = {
				CLANG_ENABLE_OBJC_WEAK = NO;
				CODE_SIGN_STYLE = Automatic;
				DEVELOPMENT_TEAM = 9HY9G7NYSB;
				GENERATE_INFOPLIST_FILE = YES;
				IPHONEOS_DEPLOYMENT_TARGET = 26.0;
				PRODUCT_BUNDLE_IDENTIFIER = nicovma.NotitAppUITests;
				PRODUCT_NAME = "$(TARGET_NAME)";
				SDKROOT = iphoneos;
				SWIFT_VERSION = 5.0;
				TEST_TARGET_NAME = NotitApp;
				VALIDATE_PRODUCT = YES;
			};
			name = Release;
		};
/* End XCBuildConfiguration section */

/* Begin XCConfigurationList section */
		03A748B03040767E00F49C45 /* Build configuration list for PBXProject "NotitApp" */ = {
			isa = XCConfigurationList;
			buildConfigurations = (
				03A748BE3040767F00F49C45 /* Debug */,
				03A748BF3040767F00F49C45 /* Release */,
			);
			defaultConfigurationIsVisible = 0;
			defaultConfigurationName = Release;
		};
		03A748C03040767F00F49C45 /* Build configuration list for PBXNativeTarget "NotitApp" */ = {
			isa = XCConfigurationList;
			buildConfigurations = (
				03A748C13040767F00F49C45 /* Debug */,
				03A748C23040767F00F49C45 /* Release */,
			);
			defaultConfigurationIsVisible = 0;
			defaultConfigurationName = Release;
		};
		3893A4E183554F08E7D0AA4A /* Build configuration list for PBXNativeTarget "NotitAppTests" */ = {
			isa = XCConfigurationList;
			buildConfigurations = (
				31431FD436E285BF50D6D1FF /* Release */,
				32B5E9AFC27DDC19E22668C4 /* Debug */,
			);
			defaultConfigurationIsVisible = 0;
			defaultConfigurationName = Release;
		};
		3E7C40A1204AA0EE8769EDCB /* Build configuration list for PBXNativeTarget "NotitAppUITests" */ = {
			isa = XCConfigurationList;
			buildConfigurations = (
				BD20D1A98E844CAD2166C310 /* Release */,
				7985F8C5067775A075E552FC /* Debug */,
			);
			defaultConfigurationIsVisible = 0;
			defaultConfigurationName = Release;
		};
/* End XCConfigurationList section */

/* Begin XCRemoteSwiftPackageReference section */
		03C9021D3066E8A700FC771D /* XCRemoteSwiftPackageReference "firebase-ios-sdk" */ = {
			isa = XCRemoteSwiftPackageReference;
			repositoryURL = "https://github.com/firebase/firebase-ios-sdk";
			requirement = {
				kind = upToNextMajorVersion;
				minimumVersion = 12.19.2;
			};
		};
/* End XCRemoteSwiftPackageReference section */

/* Begin XCSwiftPackageProductDependency section */
		03C9021E3066E8A700FC771D /* FirebaseAnalytics */ = {
			isa = XCSwiftPackageProductDependency;
			package = 03C9021D3066E8A700FC771D /* XCRemoteSwiftPackageReference "firebase-ios-sdk" */;
			productName = FirebaseAnalytics;
		};
		03C902203066E8A700FC771D /* FirebaseCrashlytics */ = {
			isa = XCSwiftPackageProductDependency;
			package = 03C9021D3066E8A700FC771D /* XCRemoteSwiftPackageReference "firebase-ios-sdk" */;
			productName = FirebaseCrashlytics;
		};
/* End XCSwiftPackageProductDependency section */
	};
	rootObject = 03A748AD3040767E00F49C45 /* Project object */;
}
